// !$*UTF8*$!
{
	archiveVersion = 1;
	classes = {
	};
	objectVersion = 46;
	objects = {

/* Begin PBXBuildFile section */
		164C6E2C1DF6B51A00EF8281 /* main.m in Sources */ = {isa = PBXBuildFile; fileRef = 164C6E2B1DF6B51A00EF8281 /* main.m */; };
		164C6E2F1DF6B51A00EF8281 /* AppDelegate.m in Sources */ = {isa = PBXBuildFile; fileRef = 164C6E2E1DF6B51A00EF8281 /* AppDelegate.m */; };
		164C6E321DF6B51A00EF8281 /* ViewController.m in Sources */ = {isa = PBXBuildFile; fileRef = 164C6E311DF6B51A00EF8281 /* ViewController.m */; };
		164C6E351DF6B51A00EF8281 /* Main.storyboard in Resources */ = {isa = PBXBuildFile; fileRef = 164C6E331DF6B51A00EF8281 /* Main.storyboard */; };
		164C6E381DF6B51A00EF8281 /* sinaWeibo.xcdatamodeld in Sources */ = {isa = PBXBuildFile; fileRef = 164C6E361DF6B51A00EF8281 /* sinaWeibo.xcdatamodeld */; };
		164C6E3A1DF6B51A00EF8281 /* Assets.xcassets in Resources */ = {isa = PBXBuildFile; fileRef = 164C6E391DF6B51A00EF8281 /* Assets.xcassets */; };
		164C6E3D1DF6B51A00EF8281 /* LaunchScreen.storyboard in Resources */ = {isa = PBXBuildFile; fileRef = 164C6E3B1DF6B51A00EF8281 /* LaunchScreen.storyboard */; };
		164C6E481DF6B51A00EF8281 /* sinaWeiboTests.m in Sources */ = {isa = PBXBuildFile; fileRef = 164C6E471DF6B51A00EF8281 /* sinaWeiboTests.m */; };
		164C6E531DF6B51A00EF8281 /* sinaWeiboUITests.m in Sources */ = {isa = PBXBuildFile; fileRef = 164C6E521DF6B51A00EF8281 /* sinaWeiboUITests.m */; };
/* End PBXBuildFile section */

/* Begin PBXContainerItemProxy section */
		164C6E441DF6B51A00EF8281 /* PBXContainerItemProxy */ = {
			isa = PBXContainerItemProxy;
			containerPortal = 164C6E1F1DF6B51A00EF8281 /* Project object */;
			proxyType = 1;
			remoteGlobalIDString = 164C6E261DF6B51A00EF8281;
			remoteInfo = sinaWeibo;
		};
		164C6E4F1DF6B51A00EF8281 /* PBXContainerItemProxy */ = {
			isa = PBXContainerItemProxy;
			containerPortal = 164C6E1F1DF6B51A00EF8281 /* Project object */;
			proxyType = 1;
			remoteGlobalIDString = 164C6E261DF6B51A00EF8281;
			remoteInfo = sinaWeibo;
		};
/* End PBXContainerItemProxy section */

/* Begin PBXFileReference section */
		164C6E271DF6B51A00EF8281 /* sinaWeibo.app */ = {isa = PBXFileReference; explicitFileType = wrapper.application; includeInIndex = 0; path = sinaWeibo.app; sourceTree = BUILT_PRODUCTS_DIR; };
		164C6E2B1DF6B51A00EF8281 /* main.m */ = {isa = PBXFileReference; lastKnownFileType = sourcecode.c.objc; path = main.m; sourceTree = "<group>"; };
		164C6E2D1DF6B51A00EF8281 /* AppDelegate.h */ = {isa = PBXFileReference; lastKnownFileType = sourcecode.c.h; path = AppDelegate.h; sourceTree = "<group>"; };
		164C6E2E1DF6B51A00EF8281 /* AppDelegate.m */ = {isa = PBXFileReference; lastKnownFileType = sourcecode.c.objc; path = AppDelegate.m; sourceTree = "<group>"; };
		164C6E301DF6B51A00EF8281 /* ViewController.h */ = {isa = PBXFileReference; lastKnownFileType = sourcecode.c.h; path = ViewController.h; sourceTree = "<group>"; };
		164C6E311DF6B51A00EF8281 /* ViewController.m */ = {isa = PBXFileReference; lastKnownFileType = sourcecode.c.objc; path = ViewController.m; sourceTree = "<group>"; };
		164C6E341DF6B51A00EF8281 /* Base */ = {isa = PBXFileReference; lastKnownFileType = file.storyboard; name = Base; path = Base.lproj/Main.storyboard; sourceTree = "<group>"; };
		164C6E371DF6B51A00EF8281 /* sinaWeibo.xcdatamodel */ = {isa = PBXFileReference; lastKnownFileType = wrapper.xcdatamodel; path = sinaWeibo.xcdatamodel; sourceTree = "<group>"; };
		164C6E391DF6B51A00EF8281 /* Assets.xcassets */ = {isa = PBXFileReference; lastKnownFileType = folder.assetcatalog; path = Assets.xcassets; sourceTree = "<group>"; };
		164C6E3C1DF6B51A00EF8281 /* Base */ = {isa = PBXFileReference; lastKnownFileType = file.storyboard; name = Base; path = Base.lproj/LaunchScreen.storyboard; sourceTree = "<group>"; };
		164C6E3E1DF6B51A00EF8281 /* Info.plist */ = {isa = PBXFileReference; lastKnownFileType = text.plist.xml; path = Info.plist; sourceTree = "<group>"; };
		164C6E431DF6B51A00EF8281 /* sinaWeiboTests.xctest */ = {isa = PBXFileReference; explicitFileType = wrapper.cfbundle; includeInIndex = 0; path = sinaWeiboTests.xctest; sourceTree = BUILT_PRODUCTS_DIR; };
		164C6E471DF6B51A00EF8281 /* sinaWeiboTests.m */ = {isa = PBXFileReference; lastKnownFileType = sourcecode.c.objc; path = sinaWeiboTests.m; sourceTree = "<group>"; };
		164C6E491DF6B51A00EF8281 /* Info.plist */ = {isa = PBXFileReference; lastKnownFileType = text.plist.xml; path = Info.plist; sourceTree = "<group>"; };
		164C6E4E1DF6B51A00EF8281 /* sinaWeiboUITests.xctest */ = {isa = PBXFileReference; explicitFileType = wrapper.cfbundle; includeInIndex = 0; path = sinaWeiboUITests.xctest; sourceTree = BUILT_PRODUCTS_DIR; };
		164C6E521DF6B51A00EF8281 /* sinaWeiboUITests.m */ = {isa = PBXFileReference; lastKnownFileType = sourcecode.c.objc; path = sinaWeiboUITests.m; sourceTree = "<group>"; };
		164C6E541DF6B51A00EF8281 /* Info.plist */ = {isa = PBXFileReference; lastKnownFileType = text.plist.xml; path = Info.plist; sourceTree = "<group>"; };
/* End PBXFileReference section */

/* Begin PBXFrameworksBuildPhase section */
		164C6E241DF6B51A00EF8281 /* Frameworks */ = {
			isa = PBXFrameworksBuildPhase;
			buildActionMask = 2147483647;
			files = (
			);
			runOnlyForDeploymentPostprocessing = 0;
		};
		164C6E401DF6B51A00EF8281 /* Frameworks */ = {
			isa = PBXFrameworksBuildPhase;
			buildActionMask = 2147483647;
			files = (
			);
			runOnlyForDeploymentPostprocessing = 0;
		};
		164C6E4B1DF6B51A00EF8281 /* Frameworks */ = {
			isa = PBXFrameworksBuildPhase;
			buildActionMask = 2147483647;
			files = (
			);
			runOnlyForDeploymentPostprocessing = 0;
		};
/* End PBXFrameworksBuildPhase section */

/* Begin PBXGroup section */
		164C6E1E1DF6B51A00EF8281 = {
			isa = PBXGroup;
			children = (
				164C6E291DF6B51A00EF8281 /* sinaWeibo */,
				164C6E461DF6B51A00EF8281 /* sinaWeiboTests */,
				164C6E511DF6B51A00EF8281 /* sinaWeiboUITests */,
				164C6E281DF6B51A00EF8281 /* Products */,
			);
			sourceTree = "<group>";
		};
		164C6E281DF6B51A00EF8281 /* Products */ = {
			isa = PBXGroup;
			children = (
				164C6E271DF6B51A00EF8281 /* sinaWeibo.app */,
				164C6E431DF6B51A00EF8281 /* sinaWeiboTests.xctest */,
				164C6E4E1DF6B51A00EF8281 /* sinaWeiboUITests.xctest */,
			);
			name = Products;
			sourceTree = "<group>";
		};
		164C6E291DF6B51A00EF8281 /* sinaWeibo */ = {
			isa = PBXGroup;
			children = (
				164C6E2D1DF6B51A00EF8281 /* AppDelegate.h */,
				164C6E2E1DF6B51A00EF8281 /* AppDelegate.m */,
				164C6E301DF6B51A00EF8281 /* ViewController.h */,
				164C6E311DF6B51A00EF8281 /* ViewController.m */,
				164C6E331DF6B51A00EF8281 /* Main.storyboard */,
				164C6E391DF6B51A00EF8281 /* Assets.xcassets */,
				164C6E3B1DF6B51A00EF8281 /* LaunchScreen.storyboard */,
				164C6E3E1DF6B51A00EF8281 /* Info.plist */,
				164C6E361DF6B51A00EF8281 /* sinaWeibo.xcdatamodeld */,
				164C6E2A1DF6B51A00EF8281 /* Supporting Files */,
			);
			path = sinaWeibo;
			sourceTree = "<group>";
		};
		164C6E2A1DF6B51A00EF8281 /* Supporting Files */ = {
			isa = PBXGroup;
			children = (
				164C6E2B1DF6B51A00EF8281 /* main.m */,
			);
			name = "Supporting Files";
			sourceTree = "<group>";
		};
		164C6E461DF6B51A00EF8281 /* sinaWeiboTests */ = {
			isa = PBXGroup;
			children = (
				164C6E471DF6B51A00EF8281 /* sinaWeiboTests.m */,
				164C6E491DF6B51A00EF8281 /* Info.plist */,
			);
			path = sinaWeiboTests;
			sourceTree = "<group>";
		};
		164C6E511DF6B51A00EF8281 /* sinaWeiboUITests */ = {
			isa = PBXGroup;
			children = (
				164C6E521DF6B51A00EF8281 /* sinaWeiboUITests.m */,
				164C6E541DF6B51A00EF8281 /* Info.plist */,
			);
			path = sinaWeiboUITests;
			sourceTree = "<group>";
		};
/* End PBXGroup section */

/* Begin PBXNativeTarget section */
		164C6E261DF6B51A00EF8281 /* sinaWeibo */ = {
			isa = PBXNativeTarget;
			buildConfigurationList = 164C6E571DF6B51A00EF8281 /* Build configuration list for PBXNativeTarget "sinaWeibo" */;
			buildPhases = (
				164C6E231DF6B51A00EF8281 /* Sources */,
				164C6E241DF6B51A00EF8281 /* Frameworks */,
				164C6E251DF6B51A00EF8281 /* Resources */,
			);
			buildRules = (
			);
			dependencies = (
			);
			name = sinaWeibo;
			productName = sinaWeibo;
			productReference = 164C6E271DF6B51A00EF8281 /* sinaWeibo.app */;
			productType = "com.apple.product-type.application";
		};
		164C6E421DF6B51A00EF8281 /* sinaWeiboTests */ = {
			isa = PBXNativeTarget;
			buildConfigurationList = 164C6E5A1DF6B51A00EF8281 /* Build configuration list for PBXNativeTarget "sinaWeiboTests" */;
			buildPhases = (
				164C6E3F1DF6B51A00EF8281 /* Sources */,
				164C6E401DF6B51A00EF8281 /* Frameworks */,
				164C6E411DF6B51A00EF8281 /* Resources */,
			);
			buildRules = (
			);
			dependencies = (
				164C6E451DF6B51A00EF8281 /* PBXTargetDependency */,
			);
			name = sinaWeiboTests;
			productName = sinaWeiboTests;
			productReference = 164C6E431DF6B51A00EF8281 /* sinaWeiboTests.xctest */;
			productType = "com.apple.product-type.bundle.unit-test";
		};
		164C6E4D1DF6B51A00EF8281 /* sinaWeiboUITests */ = {
			isa = PBXNativeTarget;
			buildConfigurationList = 164C6E5D1DF6B51A00EF8281 /* Build configuration list for PBXNativeTarget "sinaWeiboUITests" */;
			buildPhases = (
				164C6E4A1DF6B51A00EF8281 /* Sources */,
				164C6E4B1DF6B51A00EF8281 /* Frameworks */,
				164C6E4C1DF6B51A00EF8281 /* Resources */,
			);
			buildRules = (
			);
			dependencies = (
				164C6E501DF6B51A00EF8281 /* PBXTargetDependency */,
			);
			name = sinaWeiboUITests;
			productName = sinaWeiboUITests;
			productReference = 164C6E4E1DF6B51A00EF8281 /* sinaWeiboUITests.xctest */;
			productType = "com.apple.product-type.bundle.ui-testing";
		};
/* End PBXNativeTarget section */

/* Begin PBXProject section */
		164C6E1F1DF6B51A00EF8281 /* Project object */ = {
			isa = PBXProject;
			attributes = {
				LastUpgradeCheck = 0720;
				ORGANIZATIONNAME = zcc;
				TargetAttributes = {
					164C6E261DF6B51A00EF8281 = {
						CreatedOnToolsVersion = 7.2.1;
					};
					164C6E421DF6B51A00EF8281 = {
						CreatedOnToolsVersion = 7.2.1;
						TestTargetID = 164C6E261DF6B51A00EF8281;
					};
					164C6E4D1DF6B51A00EF8281 = {
						CreatedOnToolsVersion = 7.2.1;
						TestTargetID = 164C6E261DF6B51A00EF8281;
					};
				};
			};
			buildConfigurationList = 164C6E221DF6B51A00EF8281 /* Build configuration list for PBXProject "sinaWeibo" */;
			compatibilityVersion = "Xcode 3.2";
			developmentRegion = English;
			hasScannedForEncodings = 0;
			knownRegions = (
				en,
				Base,
			);
			mainGroup = 164C6E1E1DF6B51A00EF8281;
			productRefGroup = 164C6E281DF6B51A00EF8281 /* Products */;
			projectDirPath = "";
			projectRoot = "";
			targets = (
				164C6E261DF6B51A00EF8281 /* sinaWeibo */,
				164C6E421DF6B51A00EF8281 /* sinaWeiboTests */,
				164C6E4D1DF6B51A00EF8281 /* sinaWeiboUITests */,
			);
		};
/* End PBXProject section */

/* Begin PBXResourcesBuildPhase section */
		164C6E251DF6B51A00EF8281 /* Resources */ = {
			isa = PBXResourcesBuildPhase;
			buildActionMask = 2147483647;
			files = (
				164C6E3D1DF6B51A00EF8281 /* LaunchScreen.storyboard in Resources */,
				164C6E3A1DF6B51A00EF8281 /* Assets.xcassets in Resources */,
				164C6E351DF6B51A00EF8281 /* Main.storyboard in Resources */,
			);
			runOnlyForDeploymentPostprocessing = 0;
		};
		164C6E411DF6B51A00EF8281 /* Resources */ = {
			isa = PBXResourcesBuildPhase;
			buildActionMask = 2147483647;
			files = (
			);
			runOnlyForDeploymentPostprocessing = 0;
		};
		164C6E4C1DF6B51A00EF8281 /* Resources */ = {
			isa = PBXResourcesBuildPhase;
			buildActionMask = 2147483647;
			files = (
			);
			runOnlyForDeploymentPostprocessing = 0;
		};
/* End PBXResourcesBuildPhase section */

/* Begin PBXSourcesBuildPhase section */
		164C6E231DF6B51A00EF8281 /* Sources */ = {
			isa = PBXSourcesBuildPhase;
			buildActionMask = 2147483647;
			files = (
				164C6E321DF6B51A00EF8281 /* ViewController.m in Sources */,
				164C6E2F1DF6B51A00EF8281 /* AppDelegate.m in Sources */,
				164C6E2C1DF6B51A00EF8281 /* main.m in Sources */,
				164C6E381DF6B51A00EF8281 /* sinaWeibo.xcdatamodeld in Sources */,
			);
			runOnlyForDeploymentPostprocessing = 0;
		};
		164C6E3F1DF6B51A00EF8281 /* Sources */ = {
			isa = PBXSourcesBuildPhase;
			buildActionMask = 2147483647;
			files = (
				164C6E481DF6B51A00EF8281 /* sinaWeiboTests.m in Sources */,
			);
			runOnlyForDeploymentPostprocessing = 0;
		};
		164C6E4A1DF6B51A00EF8281 /* Sources */ = {
			isa = PBXSourcesBuildPhase;
			buildActionMask = 2147483647;
			files = (
				164C6E531DF6B51A00EF8281 /* sinaWeiboUITests.m in Sources */,
			);
			runOnlyForDeploymentPostprocessing = 0;
		};
/* End PBXSourcesBuildPhase section */

/* Begin PBXTargetDependency section */
		164C6E451DF6B51A00EF8281 /* PBXTargetDependency */ = {
			isa = PBXTargetDependency;
			target = 164C6E261DF6B51A00EF8281 /* sinaWeibo */;
			targetProxy = 164C6E441DF6B51A00EF8281 /* PBXContainerItemProxy */;
		};
		164C6E501DF6B51A00EF8281 /* PBXTargetDependency */ = {
			isa = PBXTargetDependency;
			target = 164C6E261DF6B51A00EF8281 /* sinaWeibo */;
			targetProxy = 164C6E4F1DF6B51A00EF8281 /* PBXContainerItemProxy */;
		};
/* End PBXTargetDependency section */

/* Begin PBXVariantGroup section */
		164C6E331DF6B51A00EF8281 /* Main.storyboard */ = {
			isa = PBXVariantGroup;
			children = (
				164C6E341DF6B51A00EF8281 /* Base */,
			);
			name = Main.storyboard;
			sourceTree = "<group>";
		};
		164C6E3B1DF6B51A00EF8281 /* LaunchScreen.storyboard */ = {
			isa = PBXVariantGroup;
			children = (
				164C6E3C1DF6B51A00EF8281 /* Base */,
			);
			name = LaunchScreen.storyboard;
			sourceTree = "<group>";
		};
/* End PBXVariantGroup section */

/* Begin XCBuildConfiguration section */
		164C6E551DF6B51A00EF8281 /* Debug */ = {
			isa = XCBuildConfiguration;
			buildSettings = {
				ALWAYS_SEARCH_USER_PATHS = NO;
				CLANG_CXX_LANGUAGE_STANDARD = "gnu++0x";
				CLANG_CXX_LIBRARY = "libc++";
				CLANG_ENABLE_MODULES = YES;
				CLANG_ENABLE_OBJC_ARC = YES;
				CLANG_WARN_BOOL_CONVERSION = YES;
				CLANG_WARN_CONSTANT_CONVERSION = YES;
				CLANG_WARN_DIRECT_OBJC_ISA_USAGE = YES_ERROR;
				CLANG_WARN_EMPTY_BODY = YES;
				CLANG_WARN_ENUM_CONVERSION = YES;
				CLANG_WARN_INT_CONVERSION = YES;
				CLANG_WARN_OBJC_ROOT_CLASS = YES_ERROR;
				CLANG_WARN_UNREACHABLE_CODE = YES;
				CLANG_WARN__DUPLICATE_METHOD_MATCH = YES;
				"CODE_SIGN_IDENTITY[sdk=iphoneos*]" = "iPhone Developer";
				COPY_PHASE_STRIP = NO;
				DEBUG_INFORMATION_FORMAT = dwarf;
				ENABLE_STRICT_OBJC_MSGSEND = YES;
				ENABLE_TESTABILITY = YES;
				GCC_C_LANGUAGE_STANDARD = gnu99;
				GCC_DYNAMIC_NO_PIC = NO;
				GCC_NO_COMMON_BLOCKS = YES;
				GCC_OPTIMIZATION_LEVEL = 0;
				GCC_PREPROCESSOR_DEFINITIONS = (
					"DEBUG=1",
					"$(inherited)",
				);
				GCC_WARN_64_TO_32_BIT_CONVERSION = YES;
				GCC_WARN_ABOUT_RETURN_TYPE = YES_ERROR;
				GCC_WARN_UNDECLARED_SELECTOR = YES;
				GCC_WARN_UNINITIALIZED_AUTOS = YES_AGGRESSIVE;
				GCC_WARN_UNUSED_FUNCTION = YES;
				GCC_WARN_UNUSED_VARIABLE = YES;
				IPHONEOS_DEPLOYMENT_TARGET = 9.2;
				MTL_ENABLE_DEBUG_INFO = YES;
				ONLY_ACTIVE_ARCH = YES;
				SDKROOT = iphoneos;
			};
			name = Debug;
		};
		164C6E561DF6B51A00EF8281 /* Release */ = {
			isa = XCBuildConfiguration;
			buildSettings = {
				ALWAYS_SEARCH_USER_PATHS = NO;
				CLANG_CXX_LANGUAGE_STANDARD = "gnu++0x";
				CLANG_CXX_LIBRARY = "libc++";
				CLANG_ENABLE_MODULES = YES;
				CLANG_ENABLE_OBJC_ARC = YES;
				CLANG_WARN_BOOL_CONVERSION = YES;
				CLANG_WARN_CONSTANT_CONVERSION = YES;
				CLANG_WARN_DIRECT_OBJC_ISA_USAGE = YES_ERROR;
				CLANG_WARN_EMPTY_BODY = YES;
				CLANG_WARN_ENUM_CONVERSION = YES;
				CLANG_WARN_INT_CONVERSION = YES;
				CLANG_WARN_OBJC_ROOT_CLASS = YES_ERROR;
				CLANG_WARN_UNREACHABLE_CODE = YES;
				CLANG_WARN__DUPLICATE_METHOD_MATCH = YES;
				"CODE_SIGN_IDENTITY[sdk=iphoneos*]" = "iPhone Developer";
				COPY_PHASE_STRIP = NO;
				DEBUG_INFORMATION_FORMAT = "dwarf-with-dsym";
				ENABLE_NS_ASSERTIONS = NO;
				ENABLE_STRICT_OBJC_MSGSEND = YES;
				GCC_C_LANGUAGE_STANDARD = gnu99;
				GCC_NO_COMMON_BLOCKS = YES;
				GCC_WARN_64_TO_32_BIT_CONVERSION = YES;
				GCC_WARN_ABOUT_RETURN_TYPE = YES_ERROR;
				GCC_WARN_UNDECLARED_SELECTOR = YES;
				GCC_WARN_UNINITIALIZED_AUTOS = YES_AGGRESSIVE;
				GCC_WARN_UNUSED_FUNCTION = YES;
				GCC_WARN_UNUSED_VARIABLE = YES;
				IPHONEOS_DEPLOYMENT_TARGET = 9.2;
				MTL_ENABLE_DEBUG_INFO = NO;
				SDKROOT = iphoneos;
				VALIDATE_PRODUCT = YES;
			};
			name = Release;
		};
		164C6E581DF6B51A00EF8281 /* Debug */ = {
			isa = XCBuildConfiguration;
			buildSettings = {
				ASSETCATALOG_COMPILER_APPICON_NAME = AppIcon;
				INFOPLIST_FILE = sinaWeibo/Info.plist;
				LD_RUNPATH_SEARCH_PATHS = "$(inherited) @executable_path/Frameworks";
				PRODUCT_BUNDLE_IDENTIFIER = com.zcc2016.sinaWeibo;
				PRODUCT_NAME = "$(TARGET_NAME)";
			};
			name = Debug;
		};
		164C6E591DF6B51A00EF8281 /* Release */ = {
			isa = XCBuildConfiguration;
			buildSettings = {
				ASSETCATALOG_COMPILER_APPICON_NAME = AppIcon;
				INFOPLIST_FILE = sinaWeibo/Info.plist;
				LD_RUNPATH_SEARCH_PATHS = "$(inherited) @executable_path/Frameworks";
				PRODUCT_BUNDLE_IDENTIFIER = com.zcc2016.sinaWeibo;
				PRODUCT_NAME = "$(TARGET_NAME)";
			};
			name = Release;
		};
		164C6E5B1DF6B51A00EF8281 /* Debug */ = {
			isa = XCBuildConfiguration;
			buildSettings = {
				BUNDLE_LOADER = "$(TEST_HOST)";
				INFOPLIST_FILE = sinaWeiboTests/Info.plist;
				LD_RUNPATH_SEARCH_PATHS = "$(inherited) @executable_path/Frameworks @loader_path/Frameworks";
				PRODUCT_BUNDLE_IDENTIFIER = com.zcc2016.sinaWeiboTests;
				PRODUCT_NAME = "$(TARGET_NAME)";
				TEST_HOST = "$(BUILT_PRODUCTS_DIR)/sinaWeibo.app/sinaWeibo";
			};
			name = Debug;
		};
		164C6E5C1DF6B51A00EF8281 /* Release */ = {
			isa = XCBuildConfiguration;
			buildSettings = {
				BUNDLE_LOADER = "$(TEST_HOST)";
				INFOPLIST_FILE = sinaWeiboTests/Info.plist;
				LD_RUNPATH_SEARCH_PATHS = "$(inherited) @executable_path/Frameworks @loader_path/Frameworks";
				PRODUCT_BUNDLE_IDENTIFIER = com.zcc2016.sinaWeiboTests;
				PRODUCT_NAME = "$(TARGET_NAME)";
				TEST_HOST = "$(BUILT_PRODUCTS_DIR)/sinaWeibo.app/sinaWeibo";
			};
			name = Release;
		};
		164C6E5E1DF6B51A00EF8281 /* Debug */ = {
			isa = XCBuildConfiguration;
			buildSettings = {
				INFOPLIST_FILE = sinaWeiboUITests/Info.plist;
				LD_RUNPATH_SEARCH_PATHS = "$(inherited) @executable_path/Frameworks @loader_path/Frameworks";
				PRODUCT_BUNDLE_IDENTIFIER = com.zcc2016.sinaWeiboUITests;
				PRODUCT_NAME = "$(TARGET_NAME)";
				TEST_TARGET_NAME = sinaWeibo;
				USES_XCTRUNNER = YES;
			};
			name = Debug;
		};
		164C6E5F1DF6B51A00EF8281 /* Release */ = {
			isa = XCBuildConfiguration;
			buildSettings = {
				INFOPLIST_FILE = sinaWeiboUITests/Info.plist;
				LD_RUNPATH_SEARCH_PATHS = "$(inherited) @executable_path/Frameworks @loader_path/Frameworks";
				PRODUCT_BUNDLE_IDENTIFIER = com.zcc2016.sinaWeiboUITests;
				PRODUCT_NAME = "$(TARGET_NAME)";
				TEST_TARGET_NAME = sinaWeibo;
				USES_XCTRUNNER = YES;
			};
			name = Release;
		};
/* End XCBuildConfiguration section */

/* Begin XCConfigurationList section */
		164C6E221DF6B51A00EF8281 /* Build configuration list for PBXProject "sinaWeibo" */ = {
			isa = XCConfigurationList;
			buildConfigurations = (
				164C6E551DF6B51A00EF8281 /* Debug */,
				164C6E561DF6B51A00EF8281 /* Release */,
			);
			defaultConfigurationIsVisible = 0;
			defaultConfigurationName = Release;
		};
		164C6E571DF6B51A00EF8281 /* Build configuration list for PBXNativeTarget "sinaWeibo" */ = {
			isa = XCConfigurationList;
			buildConfigurations = (
				164C6E581DF6B51A00EF8281 /* Debug */,
				164C6E591DF6B51A00EF8281 /* Release */,
			);
			defaultConfigurationIsVisible = 0;
		};
		164C6E5A1DF6B51A00EF8281 /* Build configuration list for PBXNativeTarget "sinaWeiboTests" */ = {
			isa = XCConfigurationList;
			buildConfigurations = (
				164C6E5B1DF6B51A00EF8281 /* Debug */,
				164C6E5C1DF6B51A00EF8281 /* Release */,
			);
			defaultConfigurationIsVisible = 0;
		};
		164C6E5D1DF6B51A00EF8281 /* Build configuration list for PBXNativeTarget "sinaWeiboUITests" */ = {
			isa = XCConfigurationList;
			buildConfigurations = (
				164C6E5E1DF6B51A00EF8281 /* Debug */,
				164C6E5F1DF6B51A00EF8281 /* Release */,
			);
			defaultConfigurationIsVisible = 0;
		};
/* End XCConfigurationList section */

/* Begin XCVersionGroup section */
		164C6E361DF6B51A00EF8281 /* sinaWeibo.xcdatamodeld */ = {
			isa = XCVersionGroup;
			children = (
				164C6E371DF6B51A00EF8281 /* sinaWeibo.xcdatamodel */,
			);
			currentVersion = 164C6E371DF6B51A00EF8281 /* sinaWeibo.xcdatamodel */;
			path = sinaWeibo.xcdatamodeld;
			sourceTree = "<group>";
			versionGroupType = wrapper.xcdatamodel;
		};
/* End XCVersionGroup section */
	};
	rootObject = 164C6E1F1DF6B51A00EF8281 /* Project object */;
}
